
Microsoft Visual Studio Solution File, Format Version 12.00
# Visual Studio Version 17
VisualStudioVersion = 17.7.34003.232
MinimumVisualStudioVersion = 10.0.40219.1
Project("{FAE04EC0-301F-11D3-BF4B-00C04F79EFBC}") = "5_Mutex", "5_Mutex\5_Mutex.csproj", "{781C656A-0EB9-400C-9C36-31B35FE18241}"
EndProject
Global
	GlobalSection(SolutionConfigurationPlatforms) = preSolution
		Debug|Any CPU = Debug|Any CPU
		Release|Any CPU = Release|Any CPU
	EndGlobalSection
	GlobalSection(ProjectConfigurationPlatforms) = postSolution
		{781C656A-0EB9-400C-9C36-31B35FE18241}.Debug|Any CPU.ActiveCfg = Debug|Any CPU
		{781C656A-0EB9-400C-9C36-31B35FE18241}.Debug|Any CPU.Build.0 = Debug|Any CPU
		{781C656A-0EB9-400C-9C36-31B35FE18241}.Release|Any CPU.ActiveCfg = Release|Any CPU
		{781C656A-0EB9-400C-9C36-31B35FE18241}.Release|Any CPU.Build.0 = Release|Any CPU
	EndGlobalSection
	GlobalSection(SolutionProperties) = preSolution
		HideSolutionNode = FALSE
	EndGlobalSection
	GlobalSection(ExtensibilityGlobals) = postSolution
		SolutionGuid = {63712896-BC18-4B56-A30E-74D9A6104121}
	EndGlobalSection
EndGlobal
