
Microsoft Visual Studio Solution File, Format Version 12.00
# Visual Studio Version 17
VisualStudioVersion = 17.7.34003.232
MinimumVisualStudioVersion = 10.0.40219.1
Project("{FAE04EC0-301F-11D3-BF4B-00C04F79EFBC}") = "3_barrier", "3_barrier\3_barrier.csproj", "{6933528E-97BF-4E33-A776-5AD39DD9BFA4}"
EndProject
Global
	GlobalSection(SolutionConfigurationPlatforms) = preSolution
		Debug|Any CPU = Debug|Any CPU
		Release|Any CPU = Release|Any CPU
	EndGlobalSection
	GlobalSection(ProjectConfigurationPlatforms) = postSolution
		{6933528E-97BF-4E33-A776-5AD39DD9BFA4}.Debug|Any CPU.ActiveCfg = Debug|Any CPU
		{6933528E-97BF-4E33-A776-5AD39DD9BFA4}.Debug|Any CPU.Build.0 = Debug|Any CPU
		{6933528E-97BF-4E33-A776-5AD39DD9BFA4}.Release|Any CPU.ActiveCfg = Release|Any CPU
		{6933528E-97BF-4E33-A776-5AD39DD9BFA4}.Release|Any CPU.Build.0 = Release|Any CPU
	EndGlobalSection
	GlobalSection(SolutionProperties) = preSolution
		HideSolutionNode = FALSE
	EndGlobalSection
	GlobalSection(ExtensibilityGlobals) = postSolution
		SolutionGuid = {1D901DC6-FBE4-49C4-8E63-6886ADD4371B}
	EndGlobalSection
EndGlobal
