
Microsoft Visual Studio Solution File, Format Version 12.00
# Visual Studio Version 17
VisualStudioVersion = 17.7.34003.232
MinimumVisualStudioVersion = 10.0.40219.1
Project("{FAE04EC0-301F-11D3-BF4B-00C04F79EFBC}") = "5_producer_consumer_and_blocking_collections", "5_producer_consumer_and_blocking_collections\5_producer_consumer_and_blocking_collections.csproj", "{0564C1FC-D0C8-4CAF-AF24-DD2F4D8DAB58}"
EndProject
Global
	GlobalSection(SolutionConfigurationPlatforms) = preSolution
		Debug|Any CPU = Debug|Any CPU
		Release|Any CPU = Release|Any CPU
	EndGlobalSection
	GlobalSection(ProjectConfigurationPlatforms) = postSolution
		{0564C1FC-D0C8-4CAF-AF24-DD2F4D8DAB58}.Debug|Any CPU.ActiveCfg = Debug|Any CPU
		{0564C1FC-D0C8-4CAF-AF24-DD2F4D8DAB58}.Debug|Any CPU.Build.0 = Debug|Any CPU
		{0564C1FC-D0C8-4CAF-AF24-DD2F4D8DAB58}.Release|Any CPU.ActiveCfg = Release|Any CPU
		{0564C1FC-D0C8-4CAF-AF24-DD2F4D8DAB58}.Release|Any CPU.Build.0 = Release|Any CPU
	EndGlobalSection
	GlobalSection(SolutionProperties) = preSolution
		HideSolutionNode = FALSE
	EndGlobalSection
	GlobalSection(ExtensibilityGlobals) = postSolution
		SolutionGuid = {891C74B2-73F0-46B2-9821-A391DC123DC0}
	EndGlobalSection
EndGlobal
