
Microsoft Visual Studio Solution File, Format Version 12.00
# Visual Studio Version 17
VisualStudioVersion = 17.7.34003.232
MinimumVisualStudioVersion = 10.0.40219.1
Project("{FAE04EC0-301F-11D3-BF4B-00C04F79EFBC}") = "1_concurrent_dictionary", "1_concurrent_dictionary\1_concurrent_dictionary.csproj", "{EEAD2D1B-3D0A-457C-B71F-BE0470A4B717}"
EndProject
Global
	GlobalSection(SolutionConfigurationPlatforms) = preSolution
		Debug|Any CPU = Debug|Any CPU
		Release|Any CPU = Release|Any CPU
	EndGlobalSection
	GlobalSection(ProjectConfigurationPlatforms) = postSolution
		{EEAD2D1B-3D0A-457C-B71F-BE0470A4B717}.Debug|Any CPU.ActiveCfg = Debug|Any CPU
		{EEAD2D1B-3D0A-457C-B71F-BE0470A4B717}.Debug|Any CPU.Build.0 = Debug|Any CPU
		{EEAD2D1B-3D0A-457C-B71F-BE0470A4B717}.Release|Any CPU.ActiveCfg = Release|Any CPU
		{EEAD2D1B-3D0A-457C-B71F-BE0470A4B717}.Release|Any CPU.Build.0 = Release|Any CPU
	EndGlobalSection
	GlobalSection(SolutionProperties) = preSolution
		HideSolutionNode = FALSE
	EndGlobalSection
	GlobalSection(ExtensibilityGlobals) = postSolution
		SolutionGuid = {00E9B79A-5D29-4AC6-B31F-27EE4178F9A4}
	EndGlobalSection
EndGlobal
