
Microsoft Visual Studio Solution File, Format Version 12.00
# Visual Studio Version 17
VisualStudioVersion = 17.7.34003.232
MinimumVisualStudioVersion = 10.0.40219.1
Project("{FAE04EC0-301F-11D3-BF4B-00C04F79EFBC}") = "5_ManuelResetEventSlim_and_AutoResetEvent", "5_ManuelResetEventSlim_and_AutoResetEvent\5_ManuelResetEventSlim_and_AutoResetEvent.csproj", "{857B2437-955D-4C9A-AC6A-9A0F0DA16EE5}"
EndProject
Global
	GlobalSection(SolutionConfigurationPlatforms) = preSolution
		Debug|Any CPU = Debug|Any CPU
		Release|Any CPU = Release|Any CPU
	EndGlobalSection
	GlobalSection(ProjectConfigurationPlatforms) = postSolution
		{857B2437-955D-4C9A-AC6A-9A0F0DA16EE5}.Debug|Any CPU.ActiveCfg = Debug|Any CPU
		{857B2437-955D-4C9A-AC6A-9A0F0DA16EE5}.Debug|Any CPU.Build.0 = Debug|Any CPU
		{857B2437-955D-4C9A-AC6A-9A0F0DA16EE5}.Release|Any CPU.ActiveCfg = Release|Any CPU
		{857B2437-955D-4C9A-AC6A-9A0F0DA16EE5}.Release|Any CPU.Build.0 = Release|Any CPU
	EndGlobalSection
	GlobalSection(SolutionProperties) = preSolution
		HideSolutionNode = FALSE
	EndGlobalSection
	GlobalSection(ExtensibilityGlobals) = postSolution
		SolutionGuid = {CC41CA00-4012-43D7-AD16-5B160DA985CE}
	EndGlobalSection
EndGlobal
