
Microsoft Visual Studio Solution File, Format Version 12.00
# Visual Studio Version 17
VisualStudioVersion = 17.7.34003.232
MinimumVisualStudioVersion = 10.0.40219.1
Project("{FAE04EC0-301F-11D3-BF4B-00C04F79EFBC}") = "4_custom_aggregation", "4_custom_aggregation\4_custom_aggregation.csproj", "{BD624B92-FD56-4E86-B8A1-E773F8551BCC}"
EndProject
Global
	GlobalSection(SolutionConfigurationPlatforms) = preSolution
		Debug|Any CPU = Debug|Any CPU
		Release|Any CPU = Release|Any CPU
	EndGlobalSection
	GlobalSection(ProjectConfigurationPlatforms) = postSolution
		{BD624B92-FD56-4E86-B8A1-E773F8551BCC}.Debug|Any CPU.ActiveCfg = Debug|Any CPU
		{BD624B92-FD56-4E86-B8A1-E773F8551BCC}.Debug|Any CPU.Build.0 = Debug|Any CPU
		{BD624B92-FD56-4E86-B8A1-E773F8551BCC}.Release|Any CPU.ActiveCfg = Release|Any CPU
		{BD624B92-FD56-4E86-B8A1-E773F8551BCC}.Release|Any CPU.Build.0 = Release|Any CPU
	EndGlobalSection
	GlobalSection(SolutionProperties) = preSolution
		HideSolutionNode = FALSE
	EndGlobalSection
	GlobalSection(ExtensibilityGlobals) = postSolution
		SolutionGuid = {887C407D-00B7-4967-9761-22D154CCC3BE}
	EndGlobalSection
EndGlobal
