
Microsoft Visual Studio Solution File, Format Version 12.00
# Visual Studio Version 17
VisualStudioVersion = 17.7.34003.232
MinimumVisualStudioVersion = 10.0.40219.1
Project("{FAE04EC0-301F-11D3-BF4B-00C04F79EFBC}") = "2_critical_sections", "2_critical_sections\2_critical_sections.csproj", "{B3346C3C-B1DA-4957-B783-556F15AFDB71}"
EndProject
Global
	GlobalSection(SolutionConfigurationPlatforms) = preSolution
		Debug|Any CPU = Debug|Any CPU
		Release|Any CPU = Release|Any CPU
	EndGlobalSection
	GlobalSection(ProjectConfigurationPlatforms) = postSolution
		{B3346C3C-B1DA-4957-B783-556F15AFDB71}.Debug|Any CPU.ActiveCfg = Debug|Any CPU
		{B3346C3C-B1DA-4957-B783-556F15AFDB71}.Debug|Any CPU.Build.0 = Debug|Any CPU
		{B3346C3C-B1DA-4957-B783-556F15AFDB71}.Release|Any CPU.ActiveCfg = Release|Any CPU
		{B3346C3C-B1DA-4957-B783-556F15AFDB71}.Release|Any CPU.Build.0 = Release|Any CPU
	EndGlobalSection
	GlobalSection(SolutionProperties) = preSolution
		HideSolutionNode = FALSE
	EndGlobalSection
	GlobalSection(ExtensibilityGlobals) = postSolution
		SolutionGuid = {011B480E-9192-404D-8977-0E8D4B347FA5}
	EndGlobalSection
EndGlobal
