
Microsoft Visual Studio Solution File, Format Version 12.00
# Visual Studio Version 17
VisualStudioVersion = 17.6.33801.468
MinimumVisualStudioVersion = 10.0.40219.1
Project("{FAE04EC0-301F-11D3-BF4B-00C04F79EFBC}") = "task_cancellation", "task_cancellation\task_cancellation.csproj", "{7D75E617-09BA-415E-B54C-78D7F7073EF2}"
EndProject
Global
	GlobalSection(SolutionConfigurationPlatforms) = preSolution
		Debug|Any CPU = Debug|Any CPU
		Release|Any CPU = Release|Any CPU
	EndGlobalSection
	GlobalSection(ProjectConfigurationPlatforms) = postSolution
		{7D75E617-09BA-415E-B54C-78D7F7073EF2}.Debug|Any CPU.ActiveCfg = Debug|Any CPU
		{7D75E617-09BA-415E-B54C-78D7F7073EF2}.Debug|Any CPU.Build.0 = Debug|Any CPU
		{7D75E617-09BA-415E-B54C-78D7F7073EF2}.Release|Any CPU.ActiveCfg = Release|Any CPU
		{7D75E617-09BA-415E-B54C-78D7F7073EF2}.Release|Any CPU.Build.0 = Release|Any CPU
	EndGlobalSection
	GlobalSection(SolutionProperties) = preSolution
		HideSolutionNode = FALSE
	EndGlobalSection
	GlobalSection(ExtensibilityGlobals) = postSolution
		SolutionGuid = {AB29D987-D8B9-4798-9386-323038E90B3A}
	EndGlobalSection
EndGlobal
