
Microsoft Visual Studio Solution File, Format Version 12.00
# Visual Studio Version 17
VisualStudioVersion = 17.7.34003.232
MinimumVisualStudioVersion = 10.0.40219.1
Project("{FAE04EC0-301F-11D3-BF4B-00C04F79EFBC}") = "8_reader_writer_lock", "8_reader_writer_lock\8_reader_writer_lock.csproj", "{A5C14CC1-C236-4681-8982-9B75E72E9085}"
EndProject
Global
	GlobalSection(SolutionConfigurationPlatforms) = preSolution
		Debug|Any CPU = Debug|Any CPU
		Release|Any CPU = Release|Any CPU
	EndGlobalSection
	GlobalSection(ProjectConfigurationPlatforms) = postSolution
		{A5C14CC1-C236-4681-8982-9B75E72E9085}.Debug|Any CPU.ActiveCfg = Debug|Any CPU
		{A5C14CC1-C236-4681-8982-9B75E72E9085}.Debug|Any CPU.Build.0 = Debug|Any CPU
		{A5C14CC1-C236-4681-8982-9B75E72E9085}.Release|Any CPU.ActiveCfg = Release|Any CPU
		{A5C14CC1-C236-4681-8982-9B75E72E9085}.Release|Any CPU.Build.0 = Release|Any CPU
	EndGlobalSection
	GlobalSection(SolutionProperties) = preSolution
		HideSolutionNode = FALSE
	EndGlobalSection
	GlobalSection(ExtensibilityGlobals) = postSolution
		SolutionGuid = {DBEE394B-5BBD-4523-AE39-F369F9FD22DA}
	EndGlobalSection
EndGlobal
