
Microsoft Visual Studio Solution File, Format Version 12.00
# Visual Studio Version 17
VisualStudioVersion = 17.7.34003.232
MinimumVisualStudioVersion = 10.0.40219.1
Project("{FAE04EC0-301F-11D3-BF4B-00C04F79EFBC}") = "exception_handling", "exception_handling\exception_handling.csproj", "{3385D160-BDA4-4A29-A9A0-BE694F6E2CED}"
EndProject
Global
	GlobalSection(SolutionConfigurationPlatforms) = preSolution
		Debug|Any CPU = Debug|Any CPU
		Release|Any CPU = Release|Any CPU
	EndGlobalSection
	GlobalSection(ProjectConfigurationPlatforms) = postSolution
		{3385D160-BDA4-4A29-A9A0-BE694F6E2CED}.Debug|Any CPU.ActiveCfg = Debug|Any CPU
		{3385D160-BDA4-4A29-A9A0-BE694F6E2CED}.Debug|Any CPU.Build.0 = Debug|Any CPU
		{3385D160-BDA4-4A29-A9A0-BE694F6E2CED}.Release|Any CPU.ActiveCfg = Release|Any CPU
		{3385D160-BDA4-4A29-A9A0-BE694F6E2CED}.Release|Any CPU.Build.0 = Release|Any CPU
	EndGlobalSection
	GlobalSection(SolutionProperties) = preSolution
		HideSolutionNode = FALSE
	EndGlobalSection
	GlobalSection(ExtensibilityGlobals) = postSolution
		SolutionGuid = {FAB1C3C0-0DA4-416F-9C84-CD558ABE8C32}
	EndGlobalSection
EndGlobal
