
Microsoft Visual Studio Solution File, Format Version 12.00
# Visual Studio Version 17
VisualStudioVersion = 17.7.34003.232
MinimumVisualStudioVersion = 10.0.40219.1
Project("{FAE04EC0-301F-11D3-BF4B-00C04F79EFBC}") = "4_spin_locking_and_lock_recursion", "4_spin_locking_and_lock_recursion\4_spin_locking_and_lock_recursion.csproj", "{A413C26F-71A4-4F23-B71C-0E8C35451A43}"
EndProject
Global
	GlobalSection(SolutionConfigurationPlatforms) = preSolution
		Debug|Any CPU = Debug|Any CPU
		Release|Any CPU = Release|Any CPU
	EndGlobalSection
	GlobalSection(ProjectConfigurationPlatforms) = postSolution
		{A413C26F-71A4-4F23-B71C-0E8C35451A43}.Debug|Any CPU.ActiveCfg = Debug|Any CPU
		{A413C26F-71A4-4F23-B71C-0E8C35451A43}.Debug|Any CPU.Build.0 = Debug|Any CPU
		{A413C26F-71A4-4F23-B71C-0E8C35451A43}.Release|Any CPU.ActiveCfg = Release|Any CPU
		{A413C26F-71A4-4F23-B71C-0E8C35451A43}.Release|Any CPU.Build.0 = Release|Any CPU
	EndGlobalSection
	GlobalSection(SolutionProperties) = preSolution
		HideSolutionNode = FALSE
	EndGlobalSection
	GlobalSection(ExtensibilityGlobals) = postSolution
		SolutionGuid = {8E8E0C95-8129-4444-A68D-8C499DCA9384}
	EndGlobalSection
EndGlobal
