
Microsoft Visual Studio Solution File, Format Version 12.00
# Visual Studio Version 17
VisualStudioVersion = 17.7.34003.232
MinimumVisualStudioVersion = 10.0.40219.1
Project("{FAE04EC0-301F-11D3-BF4B-00C04F79EFBC}") = "4_countdown_event", "4_countdown_event\4_countdown_event.csproj", "{145E9AD3-A1E2-4C39-A7AC-C94A6D415EFE}"
EndProject
Global
	GlobalSection(SolutionConfigurationPlatforms) = preSolution
		Debug|Any CPU = Debug|Any CPU
		Release|Any CPU = Release|Any CPU
	EndGlobalSection
	GlobalSection(ProjectConfigurationPlatforms) = postSolution
		{145E9AD3-A1E2-4C39-A7AC-C94A6D415EFE}.Debug|Any CPU.ActiveCfg = Debug|Any CPU
		{145E9AD3-A1E2-4C39-A7AC-C94A6D415EFE}.Debug|Any CPU.Build.0 = Debug|Any CPU
		{145E9AD3-A1E2-4C39-A7AC-C94A6D415EFE}.Release|Any CPU.ActiveCfg = Release|Any CPU
		{145E9AD3-A1E2-4C39-A7AC-C94A6D415EFE}.Release|Any CPU.Build.0 = Release|Any CPU
	EndGlobalSection
	GlobalSection(SolutionProperties) = preSolution
		HideSolutionNode = FALSE
	EndGlobalSection
	GlobalSection(ExtensibilityGlobals) = postSolution
		SolutionGuid = {0093C36F-EE80-41EF-8D74-C2245A5ACDD4}
	EndGlobalSection
EndGlobal
